
Microsoft Visual Studio Solution File, Format Version 12.00
# Visual Studio Version 17
VisualStudioVersion = 17.2.32630.192
MinimumVisualStudioVersion = 10.0.40219.1
Project("{2150E333-8FDC-42A3-9474-1A3956D46DE8}") = "OuterSDK", "OuterSDK", "{094B06AA-B42B-48F3-AC11-825928553517}"
EndProject
Project("{2150E333-8FDC-42A3-9474-1A3956D46DE8}") = "SDK", "SDK", "{07F3718A-6DC5-4A11-A836-80124AF47482}"
EndProject
Project("{2150E333-8FDC-42A3-9474-1A3956D46DE8}") = "WebServices", "WebServices", "{CAD4C107-E9C2-42D9-BC15-7E06F5102AE8}"
EndProject
Project("{9A19103F-16F7-4668-BE54-9A1E7A4F7556}") = "Aiursoft.Probe.SDK", "src\Infrastructure\Probe.SDK\Aiursoft.Probe.SDK.csproj", "{CE66F119-5564-41EB-9C6A-B7C9CA2EE404}"
EndProject
Project("{9A19103F-16F7-4668-BE54-9A1E7A4F7556}") = "Aiursoft.Stargate.SDK", "src\Infrastructure\Stargate.SDK\Aiursoft.Stargate.SDK.csproj", "{502806E8-E9B2-4C19-9549-604C1BA57AF8}"
EndProject
Project("{9A19103F-16F7-4668-BE54-9A1E7A4F7556}") = "Aiursoft.Identity", "src\SDK\Identity\Aiursoft.Identity.csproj", "{D7D89ECE-C00A-4269-8A28-F05490B5B1B1}"
EndProject
Project("{2150E333-8FDC-42A3-9474-1A3956D46DE8}") = "Basic", "Basic", "{CBCCA04C-AAAC-4AA6-8EA6-6383EF3D467A}"
EndProject
Project("{2150E333-8FDC-42A3-9474-1A3956D46DE8}") = "Business", "Business", "{0BA5235B-1F50-48BD-9024-43260AB7C926}"
EndProject
Project("{2150E333-8FDC-42A3-9474-1A3956D46DE8}") = "Infrastructure", "Infrastructure", "{DB0578A6-C5EB-483F-AC52-232EC1C490AE}"
EndProject
Project("{9A19103F-16F7-4668-BE54-9A1E7A4F7556}") = "Aiursoft.Account", "src\WebServices\Business\Account\Aiursoft.Account.csproj", "{421FEB24-6384-4301-9CFE-3341B3D14EDD}"
EndProject
Project("{9A19103F-16F7-4668-BE54-9A1E7A4F7556}") = "Aiursoft.Wiki", "src\WebServices\Business\Wiki\Aiursoft.Wiki.csproj", "{D7AAD5A8-80C7-4364-BEE0-B2D9A2496CA9}"
EndProject
Project("{9A19103F-16F7-4668-BE54-9A1E7A4F7556}") = "Aiursoft.WWW", "src\WebServices\Business\WWW\Aiursoft.WWW.csproj", "{804F5DA5-6259-4919-8516-703DD0B71934}"
EndProject
Project("{9A19103F-16F7-4668-BE54-9A1E7A4F7556}") = "Aiursoft.Probe", "src\WebServices\Infrastructure\Probe\Aiursoft.Probe.csproj", "{DFEAE0D9-5A32-4B63-A5B5-974709A5882E}"
EndProject
Project("{9A19103F-16F7-4668-BE54-9A1E7A4F7556}") = "Aiursoft.Stargate", "src\WebServices\Infrastructure\Stargate\Aiursoft.Stargate.csproj", "{7DF1C53D-F9B7-4DF1-AE88-A8625E647D9B}"
EndProject
Project("{9A19103F-16F7-4668-BE54-9A1E7A4F7556}") = "Aiursoft.Observer", "src\WebServices\Infrastructure\Observer\Aiursoft.Observer.csproj", "{AE6F0404-7805-4878-95CD-AF1B42ED0EC2}"
EndProject
Project("{9A19103F-16F7-4668-BE54-9A1E7A4F7556}") = "Aiursoft.EE", "src\WebServices\Business\EE\Aiursoft.EE.csproj", "{F1610CD8-C907-4AFC-A91D-03123B7459F0}"
EndProject
Project("{9A19103F-16F7-4668-BE54-9A1E7A4F7556}") = "Aiursoft.SDK", "src\SDK\SDK\Aiursoft.SDK.csproj", "{BFD266DD-8056-4B57-9B25-4575E1473C2D}"
EndProject
Project("{9A19103F-16F7-4668-BE54-9A1E7A4F7556}") = "Aiursoft.Observer.SDK", "src\Infrastructure\Observer.SDK\Aiursoft.Observer.SDK.csproj", "{E05603EB-C40E-4F21-8C63-8BE90DA9A7CF}"
EndProject
Project("{9A19103F-16F7-4668-BE54-9A1E7A4F7556}") = "Aiursoft.Status", "src\WebServices\Business\Status\Aiursoft.Status.csproj", "{08B3F8D4-DD14-42D4-B276-4155D3E116A1}"
EndProject
Project("{9A19103F-16F7-4668-BE54-9A1E7A4F7556}") = "Aiursoft.Warpgate", "src\WebServices\Infrastructure\Warpgate\Aiursoft.Warpgate.csproj", "{DAD46BA5-09C8-49AE-9119-5179AAD718F9}"
EndProject
Project("{9A19103F-16F7-4668-BE54-9A1E7A4F7556}") = "Aiursoft.Warpgate.SDK", "src\Infrastructure\Warpgate.SDK\Aiursoft.Warpgate.SDK.csproj", "{1022A5E1-3334-4988-A056-BF9F57456028}"
EndProject
Project("{2150E333-8FDC-42A3-9474-1A3956D46DE8}") = "src", "src", "{97502EDA-8E78-490B-A1CF-8E012735826B}"
EndProject
Project("{2150E333-8FDC-42A3-9474-1A3956D46DE8}") = "tests", "tests", "{3CD1FC53-C629-42BE-B77E-5B9A2290D92E}"
EndProject
Project("{2150E333-8FDC-42A3-9474-1A3956D46DE8}") = "functionalTests", "functionalTests", "{E67F9B78-45AC-411F-83A1-76BEA742C0E3}"
EndProject
Project("{9A19103F-16F7-4668-BE54-9A1E7A4F7556}") = "Aiursoft.Observer.Tests", "tests\functionalTests\Aiursoft.Observer.Tests\Aiursoft.Observer.Tests.csproj", "{E5184013-9A1F-46DF-AE0D-58084BBCF155}"
EndProject
Project("{9A19103F-16F7-4668-BE54-9A1E7A4F7556}") = "Aiursoft.Stargate.Tests", "tests\functionalTests\Aiursoft.Stargate.Tests\Aiursoft.Stargate.Tests.csproj", "{B5C211BC-C458-47FF-9537-AAB2AD6ACF4E}"
EndProject
Project("{9A19103F-16F7-4668-BE54-9A1E7A4F7556}") = "Aiursoft.SDK.Tests", "tests\SDK.Tests\Aiursoft.SDK.Tests.csproj", "{E9BB0D8A-2E45-443E-9288-50A6226C0C4B}"
EndProject
Project("{9A19103F-16F7-4668-BE54-9A1E7A4F7556}") = "Aiursoft.Probe.Tests", "tests\functionalTests\Aiursoft.Probe.Tests\Aiursoft.Probe.Tests.csproj", "{AC49715F-04E4-4DBE-B4CE-2D9F5FD1B484}"
EndProject
Project("{9A19103F-16F7-4668-BE54-9A1E7A4F7556}") = "Aiursoft.Warpgate.Tests", "tests\functionalTests\Aiursoft.Warpgate.Tests\Aiursoft.Warpgate.Tests.csproj", "{5D8FA7AE-30A2-4536-86A2-4EDD07753314}"
EndProject
Project("{2150E333-8FDC-42A3-9474-1A3956D46DE8}") = "Solution Items", "Solution Items", "{34C5A675-D47B-41E2-B28B-F60BC738AF16}"
	ProjectSection(SolutionItems) = preProject
		.editorconfig = .editorconfig
	EndProjectSection
EndProject
Project("{9A19103F-16F7-4668-BE54-9A1E7A4F7556}") = "Aiursoft.Configuration", "src\WebServices\Infrastructure\Configuration\Aiursoft.Configuration.csproj", "{3573F283-CEA3-4886-AB67-82A45984EA67}"
EndProject
Project("{9A19103F-16F7-4668-BE54-9A1E7A4F7556}") = "Aiursoft.Directory", "src\WebServices\Basic\Directory\Aiursoft.Directory.csproj", "{67461DE7-0C4C-429E-BC7B-F977AD9F2BF7}"
EndProject
Project("{9A19103F-16F7-4668-BE54-9A1E7A4F7556}") = "Aiursoft.Directory.SDK", "src\Infrastructure\Directory.SDK\Aiursoft.Directory.SDK.csproj", "{9173BE0D-508C-4772-8D71-88A43D2CB43C}"
EndProject
Project("{FAE04EC0-301F-11D3-BF4B-00C04F79EFBC}") = "Aiursoft.Portal", "src\WebServices\Business\Portal\Aiursoft.Portal.csproj", "{ACF6E0F3-3C93-48CC-B83F-F02B5CA24969}"
EndProject
Global
	GlobalSection(SolutionConfigurationPlatforms) = preSolution
		Debug|Any CPU = Debug|Any CPU
		Release|Any CPU = Release|Any CPU
	EndGlobalSection
	GlobalSection(ProjectConfigurationPlatforms) = postSolution
		{CE66F119-5564-41EB-9C6A-B7C9CA2EE404}.Debug|Any CPU.ActiveCfg = Debug|Any CPU
		{CE66F119-5564-41EB-9C6A-B7C9CA2EE404}.Debug|Any CPU.Build.0 = Debug|Any CPU
		{CE66F119-5564-41EB-9C6A-B7C9CA2EE404}.Release|Any CPU.ActiveCfg = Release|Any CPU
		{CE66F119-5564-41EB-9C6A-B7C9CA2EE404}.Release|Any CPU.Build.0 = Release|Any CPU
		{502806E8-E9B2-4C19-9549-604C1BA57AF8}.Debug|Any CPU.ActiveCfg = Debug|Any CPU
		{502806E8-E9B2-4C19-9549-604C1BA57AF8}.Debug|Any CPU.Build.0 = Debug|Any CPU
		{502806E8-E9B2-4C19-9549-604C1BA57AF8}.Release|Any CPU.ActiveCfg = Release|Any CPU
		{502806E8-E9B2-4C19-9549-604C1BA57AF8}.Release|Any CPU.Build.0 = Release|Any CPU
		{D7D89ECE-C00A-4269-8A28-F05490B5B1B1}.Debug|Any CPU.ActiveCfg = Debug|Any CPU
		{D7D89ECE-C00A-4269-8A28-F05490B5B1B1}.Debug|Any CPU.Build.0 = Debug|Any CPU
		{D7D89ECE-C00A-4269-8A28-F05490B5B1B1}.Release|Any CPU.ActiveCfg = Release|Any CPU
		{D7D89ECE-C00A-4269-8A28-F05490B5B1B1}.Release|Any CPU.Build.0 = Release|Any CPU
		{421FEB24-6384-4301-9CFE-3341B3D14EDD}.Debug|Any CPU.ActiveCfg = Debug|Any CPU
		{421FEB24-6384-4301-9CFE-3341B3D14EDD}.Debug|Any CPU.Build.0 = Debug|Any CPU
		{421FEB24-6384-4301-9CFE-3341B3D14EDD}.Release|Any CPU.ActiveCfg = Release|Any CPU
		{421FEB24-6384-4301-9CFE-3341B3D14EDD}.Release|Any CPU.Build.0 = Release|Any CPU
		{D7AAD5A8-80C7-4364-BEE0-B2D9A2496CA9}.Debug|Any CPU.ActiveCfg = Debug|Any CPU
		{D7AAD5A8-80C7-4364-BEE0-B2D9A2496CA9}.Debug|Any CPU.Build.0 = Debug|Any CPU
		{D7AAD5A8-80C7-4364-BEE0-B2D9A2496CA9}.Release|Any CPU.ActiveCfg = Release|Any CPU
		{D7AAD5A8-80C7-4364-BEE0-B2D9A2496CA9}.Release|Any CPU.Build.0 = Release|Any CPU
		{804F5DA5-6259-4919-8516-703DD0B71934}.Debug|Any CPU.ActiveCfg = Debug|Any CPU
		{804F5DA5-6259-4919-8516-703DD0B71934}.Debug|Any CPU.Build.0 = Debug|Any CPU
		{804F5DA5-6259-4919-8516-703DD0B71934}.Release|Any CPU.ActiveCfg = Release|Any CPU
		{804F5DA5-6259-4919-8516-703DD0B71934}.Release|Any CPU.Build.0 = Release|Any CPU
		{DFEAE0D9-5A32-4B63-A5B5-974709A5882E}.Debug|Any CPU.ActiveCfg = Debug|Any CPU
		{DFEAE0D9-5A32-4B63-A5B5-974709A5882E}.Debug|Any CPU.Build.0 = Debug|Any CPU
		{DFEAE0D9-5A32-4B63-A5B5-974709A5882E}.Release|Any CPU.ActiveCfg = Release|Any CPU
		{DFEAE0D9-5A32-4B63-A5B5-974709A5882E}.Release|Any CPU.Build.0 = Release|Any CPU
		{7DF1C53D-F9B7-4DF1-AE88-A8625E647D9B}.Debug|Any CPU.ActiveCfg = Debug|Any CPU
		{7DF1C53D-F9B7-4DF1-AE88-A8625E647D9B}.Debug|Any CPU.Build.0 = Debug|Any CPU
		{7DF1C53D-F9B7-4DF1-AE88-A8625E647D9B}.Release|Any CPU.ActiveCfg = Release|Any CPU
		{7DF1C53D-F9B7-4DF1-AE88-A8625E647D9B}.Release|Any CPU.Build.0 = Release|Any CPU
		{AE6F0404-7805-4878-95CD-AF1B42ED0EC2}.Debug|Any CPU.ActiveCfg = Debug|Any CPU
		{AE6F0404-7805-4878-95CD-AF1B42ED0EC2}.Debug|Any CPU.Build.0 = Debug|Any CPU
		{AE6F0404-7805-4878-95CD-AF1B42ED0EC2}.Release|Any CPU.ActiveCfg = Release|Any CPU
		{AE6F0404-7805-4878-95CD-AF1B42ED0EC2}.Release|Any CPU.Build.0 = Release|Any CPU
		{F1610CD8-C907-4AFC-A91D-03123B7459F0}.Debug|Any CPU.ActiveCfg = Debug|Any CPU
		{F1610CD8-C907-4AFC-A91D-03123B7459F0}.Debug|Any CPU.Build.0 = Debug|Any CPU
		{F1610CD8-C907-4AFC-A91D-03123B7459F0}.Release|Any CPU.ActiveCfg = Release|Any CPU
		{F1610CD8-C907-4AFC-A91D-03123B7459F0}.Release|Any CPU.Build.0 = Release|Any CPU
		{BFD266DD-8056-4B57-9B25-4575E1473C2D}.Debug|Any CPU.ActiveCfg = Debug|Any CPU
		{BFD266DD-8056-4B57-9B25-4575E1473C2D}.Debug|Any CPU.Build.0 = Debug|Any CPU
		{BFD266DD-8056-4B57-9B25-4575E1473C2D}.Release|Any CPU.ActiveCfg = Release|Any CPU
		{BFD266DD-8056-4B57-9B25-4575E1473C2D}.Release|Any CPU.Build.0 = Release|Any CPU
		{E05603EB-C40E-4F21-8C63-8BE90DA9A7CF}.Debug|Any CPU.ActiveCfg = Debug|Any CPU
		{E05603EB-C40E-4F21-8C63-8BE90DA9A7CF}.Debug|Any CPU.Build.0 = Debug|Any CPU
		{E05603EB-C40E-4F21-8C63-8BE90DA9A7CF}.Release|Any CPU.ActiveCfg = Release|Any CPU
		{E05603EB-C40E-4F21-8C63-8BE90DA9A7CF}.Release|Any CPU.Build.0 = Release|Any CPU
		{08B3F8D4-DD14-42D4-B276-4155D3E116A1}.Debug|Any CPU.ActiveCfg = Debug|Any CPU
		{08B3F8D4-DD14-42D4-B276-4155D3E116A1}.Debug|Any CPU.Build.0 = Debug|Any CPU
		{08B3F8D4-DD14-42D4-B276-4155D3E116A1}.Release|Any CPU.ActiveCfg = Release|Any CPU
		{08B3F8D4-DD14-42D4-B276-4155D3E116A1}.Release|Any CPU.Build.0 = Release|Any CPU
		{DAD46BA5-09C8-49AE-9119-5179AAD718F9}.Debug|Any CPU.ActiveCfg = Debug|Any CPU
		{DAD46BA5-09C8-49AE-9119-5179AAD718F9}.Debug|Any CPU.Build.0 = Debug|Any CPU
		{DAD46BA5-09C8-49AE-9119-5179AAD718F9}.Release|Any CPU.ActiveCfg = Release|Any CPU
		{DAD46BA5-09C8-49AE-9119-5179AAD718F9}.Release|Any CPU.Build.0 = Release|Any CPU
		{1022A5E1-3334-4988-A056-BF9F57456028}.Debug|Any CPU.ActiveCfg = Debug|Any CPU
		{1022A5E1-3334-4988-A056-BF9F57456028}.Debug|Any CPU.Build.0 = Debug|Any CPU
		{1022A5E1-3334-4988-A056-BF9F57456028}.Release|Any CPU.ActiveCfg = Release|Any CPU
		{1022A5E1-3334-4988-A056-BF9F57456028}.Release|Any CPU.Build.0 = Release|Any CPU
		{E5184013-9A1F-46DF-AE0D-58084BBCF155}.Debug|Any CPU.ActiveCfg = Debug|Any CPU
		{E5184013-9A1F-46DF-AE0D-58084BBCF155}.Debug|Any CPU.Build.0 = Debug|Any CPU
		{E5184013-9A1F-46DF-AE0D-58084BBCF155}.Release|Any CPU.ActiveCfg = Release|Any CPU
		{E5184013-9A1F-46DF-AE0D-58084BBCF155}.Release|Any CPU.Build.0 = Release|Any CPU
		{B5C211BC-C458-47FF-9537-AAB2AD6ACF4E}.Debug|Any CPU.ActiveCfg = Debug|Any CPU
		{B5C211BC-C458-47FF-9537-AAB2AD6ACF4E}.Debug|Any CPU.Build.0 = Debug|Any CPU
		{B5C211BC-C458-47FF-9537-AAB2AD6ACF4E}.Release|Any CPU.ActiveCfg = Release|Any CPU
		{B5C211BC-C458-47FF-9537-AAB2AD6ACF4E}.Release|Any CPU.Build.0 = Release|Any CPU
		{E9BB0D8A-2E45-443E-9288-50A6226C0C4B}.Debug|Any CPU.ActiveCfg = Debug|Any CPU
		{E9BB0D8A-2E45-443E-9288-50A6226C0C4B}.Debug|Any CPU.Build.0 = Debug|Any CPU
		{E9BB0D8A-2E45-443E-9288-50A6226C0C4B}.Release|Any CPU.ActiveCfg = Release|Any CPU
		{E9BB0D8A-2E45-443E-9288-50A6226C0C4B}.Release|Any CPU.Build.0 = Release|Any CPU
		{AC49715F-04E4-4DBE-B4CE-2D9F5FD1B484}.Debug|Any CPU.ActiveCfg = Debug|Any CPU
		{AC49715F-04E4-4DBE-B4CE-2D9F5FD1B484}.Debug|Any CPU.Build.0 = Debug|Any CPU
		{AC49715F-04E4-4DBE-B4CE-2D9F5FD1B484}.Release|Any CPU.ActiveCfg = Release|Any CPU
		{AC49715F-04E4-4DBE-B4CE-2D9F5FD1B484}.Release|Any CPU.Build.0 = Release|Any CPU
		{5D8FA7AE-30A2-4536-86A2-4EDD07753314}.Debug|Any CPU.ActiveCfg = Debug|Any CPU
		{5D8FA7AE-30A2-4536-86A2-4EDD07753314}.Debug|Any CPU.Build.0 = Debug|Any CPU
		{5D8FA7AE-30A2-4536-86A2-4EDD07753314}.Release|Any CPU.ActiveCfg = Release|Any CPU
		{5D8FA7AE-30A2-4536-86A2-4EDD07753314}.Release|Any CPU.Build.0 = Release|Any CPU
		{3573F283-CEA3-4886-AB67-82A45984EA67}.Debug|Any CPU.ActiveCfg = Debug|Any CPU
		{3573F283-CEA3-4886-AB67-82A45984EA67}.Debug|Any CPU.Build.0 = Debug|Any CPU
		{3573F283-CEA3-4886-AB67-82A45984EA67}.Release|Any CPU.ActiveCfg = Release|Any CPU
		{3573F283-CEA3-4886-AB67-82A45984EA67}.Release|Any CPU.Build.0 = Release|Any CPU
		{67461DE7-0C4C-429E-BC7B-F977AD9F2BF7}.Debug|Any CPU.ActiveCfg = Debug|Any CPU
		{67461DE7-0C4C-429E-BC7B-F977AD9F2BF7}.Debug|Any CPU.Build.0 = Debug|Any CPU
		{67461DE7-0C4C-429E-BC7B-F977AD9F2BF7}.Release|Any CPU.ActiveCfg = Release|Any CPU
		{67461DE7-0C4C-429E-BC7B-F977AD9F2BF7}.Release|Any CPU.Build.0 = Release|Any CPU
		{9173BE0D-508C-4772-8D71-88A43D2CB43C}.Debug|Any CPU.ActiveCfg = Debug|Any CPU
		{9173BE0D-508C-4772-8D71-88A43D2CB43C}.Debug|Any CPU.Build.0 = Debug|Any CPU
		{9173BE0D-508C-4772-8D71-88A43D2CB43C}.Release|Any CPU.ActiveCfg = Release|Any CPU
		{9173BE0D-508C-4772-8D71-88A43D2CB43C}.Release|Any CPU.Build.0 = Release|Any CPU
		{ACF6E0F3-3C93-48CC-B83F-F02B5CA24969}.Debug|Any CPU.ActiveCfg = Debug|Any CPU
		{ACF6E0F3-3C93-48CC-B83F-F02B5CA24969}.Debug|Any CPU.Build.0 = Debug|Any CPU
		{ACF6E0F3-3C93-48CC-B83F-F02B5CA24969}.Release|Any CPU.ActiveCfg = Release|Any CPU
		{ACF6E0F3-3C93-48CC-B83F-F02B5CA24969}.Release|Any CPU.Build.0 = Release|Any CPU
	EndGlobalSection
	GlobalSection(SolutionProperties) = preSolution
		HideSolutionNode = FALSE
	EndGlobalSection
	GlobalSection(NestedProjects) = preSolution
		{094B06AA-B42B-48F3-AC11-825928553517} = {97502EDA-8E78-490B-A1CF-8E012735826B}
		{07F3718A-6DC5-4A11-A836-80124AF47482} = {97502EDA-8E78-490B-A1CF-8E012735826B}
		{CAD4C107-E9C2-42D9-BC15-7E06F5102AE8} = {97502EDA-8E78-490B-A1CF-8E012735826B}
		{CE66F119-5564-41EB-9C6A-B7C9CA2EE404} = {094B06AA-B42B-48F3-AC11-825928553517}
		{502806E8-E9B2-4C19-9549-604C1BA57AF8} = {094B06AA-B42B-48F3-AC11-825928553517}
		{D7D89ECE-C00A-4269-8A28-F05490B5B1B1} = {07F3718A-6DC5-4A11-A836-80124AF47482}
		{CBCCA04C-AAAC-4AA6-8EA6-6383EF3D467A} = {CAD4C107-E9C2-42D9-BC15-7E06F5102AE8}
		{0BA5235B-1F50-48BD-9024-43260AB7C926} = {CAD4C107-E9C2-42D9-BC15-7E06F5102AE8}
		{DB0578A6-C5EB-483F-AC52-232EC1C490AE} = {CAD4C107-E9C2-42D9-BC15-7E06F5102AE8}
		{421FEB24-6384-4301-9CFE-3341B3D14EDD} = {0BA5235B-1F50-48BD-9024-43260AB7C926}
		{D7AAD5A8-80C7-4364-BEE0-B2D9A2496CA9} = {0BA5235B-1F50-48BD-9024-43260AB7C926}
		{804F5DA5-6259-4919-8516-703DD0B71934} = {0BA5235B-1F50-48BD-9024-43260AB7C926}
		{DFEAE0D9-5A32-4B63-A5B5-974709A5882E} = {DB0578A6-C5EB-483F-AC52-232EC1C490AE}
		{7DF1C53D-F9B7-4DF1-AE88-A8625E647D9B} = {DB0578A6-C5EB-483F-AC52-232EC1C490AE}
		{AE6F0404-7805-4878-95CD-AF1B42ED0EC2} = {DB0578A6-C5EB-483F-AC52-232EC1C490AE}
		{F1610CD8-C907-4AFC-A91D-03123B7459F0} = {0BA5235B-1F50-48BD-9024-43260AB7C926}
		{BFD266DD-8056-4B57-9B25-4575E1473C2D} = {07F3718A-6DC5-4A11-A836-80124AF47482}
		{E05603EB-C40E-4F21-8C63-8BE90DA9A7CF} = {094B06AA-B42B-48F3-AC11-825928553517}
		{08B3F8D4-DD14-42D4-B276-4155D3E116A1} = {0BA5235B-1F50-48BD-9024-43260AB7C926}
		{DAD46BA5-09C8-49AE-9119-5179AAD718F9} = {DB0578A6-C5EB-483F-AC52-232EC1C490AE}
		{1022A5E1-3334-4988-A056-BF9F57456028} = {094B06AA-B42B-48F3-AC11-825928553517}
		{E67F9B78-45AC-411F-83A1-76BEA742C0E3} = {3CD1FC53-C629-42BE-B77E-5B9A2290D92E}
		{E5184013-9A1F-46DF-AE0D-58084BBCF155} = {E67F9B78-45AC-411F-83A1-76BEA742C0E3}
		{B5C211BC-C458-47FF-9537-AAB2AD6ACF4E} = {E67F9B78-45AC-411F-83A1-76BEA742C0E3}
		{E9BB0D8A-2E45-443E-9288-50A6226C0C4B} = {3CD1FC53-C629-42BE-B77E-5B9A2290D92E}
		{AC49715F-04E4-4DBE-B4CE-2D9F5FD1B484} = {E67F9B78-45AC-411F-83A1-76BEA742C0E3}
		{5D8FA7AE-30A2-4536-86A2-4EDD07753314} = {E67F9B78-45AC-411F-83A1-76BEA742C0E3}
		{3573F283-CEA3-4886-AB67-82A45984EA67} = {DB0578A6-C5EB-483F-AC52-232EC1C490AE}
		{67461DE7-0C4C-429E-BC7B-F977AD9F2BF7} = {CBCCA04C-AAAC-4AA6-8EA6-6383EF3D467A}
		{9173BE0D-508C-4772-8D71-88A43D2CB43C} = {094B06AA-B42B-48F3-AC11-825928553517}
		{ACF6E0F3-3C93-48CC-B83F-F02B5CA24969} = {0BA5235B-1F50-48BD-9024-43260AB7C926}
	EndGlobalSection
	GlobalSection(ExtensibilityGlobals) = postSolution
		SolutionGuid = {2A55376D-2CE7-4C61-8D33-16C3FFEC02DE}
	EndGlobalSection
EndGlobal
