
Microsoft Visual Studio Solution File, Format Version 12.00
# Visual Studio Version 16
VisualStudioVersion = 16.0.30002.166
MinimumVisualStudioVersion = 10.0.40219.1
Project("{2150E333-8FDC-42A3-9474-1A3956D46DE8}") = "Abstracts", "Abstracts", "{BB486D48-BAD1-422F-AF60-81D3683B5E61}"
EndProject
Project("{2150E333-8FDC-42A3-9474-1A3956D46DE8}") = "Infrastructure", "Infrastructure", "{094B06AA-B42B-48F3-AC11-825928553517}"
EndProject
Project("{2150E333-8FDC-42A3-9474-1A3956D46DE8}") = "SDK", "SDK", "{07F3718A-6DC5-4A11-A836-80124AF47482}"
EndProject
Project("{2150E333-8FDC-42A3-9474-1A3956D46DE8}") = "Web Extends", "Web Extends", "{D08213D8-4A94-403C-8D20-780A4C7E5140}"
EndProject
Project("{2150E333-8FDC-42A3-9474-1A3956D46DE8}") = "Web Services", "Web Services", "{CAD4C107-E9C2-42D9-BC15-7E06F5102AE8}"
EndProject
Project("{9A19103F-16F7-4668-BE54-9A1E7A4F7556}") = "Aiursoft.DocGenerator.Abstract", "src\Abstracts\DocGenerator.Abstract\Aiursoft.DocGenerator.Abstract.csproj", "{B087E7DF-0A89-43D9-9E92-F71BA554BD9B}"
EndProject
Project("{9A19103F-16F7-4668-BE54-9A1E7A4F7556}") = "Aiursoft.Handler.Abstract", "src\Abstracts\Handler.Abstract\Aiursoft.Handler.Abstract.csproj", "{3EC86172-1487-479D-BE59-227BDCD2A6AF}"
EndProject
Project("{9A19103F-16F7-4668-BE54-9A1E7A4F7556}") = "Aiursoft.Scanner.Abstract", "src\Abstracts\Scanner.Abstract\Aiursoft.Scanner.Abstract.csproj", "{23D3D546-29B0-44BE-BBFB-E97721B5A3AD}"
EndProject
Project("{9A19103F-16F7-4668-BE54-9A1E7A4F7556}") = "Aiursoft.SDKTools", "src\Abstracts\SDKTools\Aiursoft.SDKTools.csproj", "{3D264A5F-FA06-482C-9CE6-7283039928FE}"
EndProject
Project("{9A19103F-16F7-4668-BE54-9A1E7A4F7556}") = "Aiursoft.XelNaga", "src\Abstracts\XelNaga\Aiursoft.XelNaga.csproj", "{AD2E8159-73AF-468E-9900-EB14CC9462C8}"
EndProject
Project("{9A19103F-16F7-4668-BE54-9A1E7A4F7556}") = "Aiursoft.Archon.SDK", "src\Infrastructure\Archon.SDK\Aiursoft.Archon.SDK.csproj", "{7365E309-1673-416B-AF8C-A8CED26F3444}"
EndProject
Project("{9A19103F-16F7-4668-BE54-9A1E7A4F7556}") = "Aiursoft.Developer.SDK", "src\Infrastructure\Developer.SDK\Aiursoft.Developer.SDK.csproj", "{ED9386FF-DDB9-4B22-B65A-BA7F165F9084}"
EndProject
Project("{9A19103F-16F7-4668-BE54-9A1E7A4F7556}") = "Aiursoft.Gateway.SDK", "src\Infrastructure\Gateway.SDK\Aiursoft.Gateway.SDK.csproj", "{F3067D15-31B7-4C26-8DDD-786F5F999E54}"
EndProject
Project("{9A19103F-16F7-4668-BE54-9A1E7A4F7556}") = "Aiursoft.Probe.SDK", "src\Infrastructure\Probe.SDK\Aiursoft.Probe.SDK.csproj", "{CE66F119-5564-41EB-9C6A-B7C9CA2EE404}"
EndProject
Project("{9A19103F-16F7-4668-BE54-9A1E7A4F7556}") = "Aiursoft.Stargate.SDK", "src\Infrastructure\Stargate.SDK\Aiursoft.Stargate.SDK.csproj", "{502806E8-E9B2-4C19-9549-604C1BA57AF8}"
EndProject
Project("{9A19103F-16F7-4668-BE54-9A1E7A4F7556}") = "Aiursoft.Pylon", "src\SDK\Pylon\Aiursoft.Pylon.csproj", "{D7D89ECE-C00A-4269-8A28-F05490B5B1B1}"
EndProject
Project("{9A19103F-16F7-4668-BE54-9A1E7A4F7556}") = "Aiursoft.DBTools", "src\Web Extends\DBTools\Aiursoft.DBTools.csproj", "{2FAB11D0-1E0A-43AC-89FC-5A13A24FD5D9}"
EndProject
Project("{9A19103F-16F7-4668-BE54-9A1E7A4F7556}") = "Aiursoft.DocGenerator", "src\Web Extends\DocGenerator\Aiursoft.DocGenerator.csproj", "{F0652176-7E27-4B05-BA27-9A49116C894A}"
EndProject
Project("{9A19103F-16F7-4668-BE54-9A1E7A4F7556}") = "Aiursoft.Handler", "src\Web Extends\Handler\Aiursoft.Handler.csproj", "{07910E30-E140-48CD-8D6D-9C4EFB1E4F41}"
EndProject
Project("{9A19103F-16F7-4668-BE54-9A1E7A4F7556}") = "Aiursoft.Scanner", "src\Web Extends\Scanner\Aiursoft.Scanner.csproj", "{FF710B5F-E9EF-431D-81BD-08729E8D2725}"
EndProject
Project("{9A19103F-16F7-4668-BE54-9A1E7A4F7556}") = "Aiursoft.WebTools", "src\Web Extends\WebTools\Aiursoft.WebTools.csproj", "{6885E45B-44A2-49E4-A8E1-B5B1A9C74473}"
EndProject
Project("{2150E333-8FDC-42A3-9474-1A3956D46DE8}") = "Basic", "Basic", "{CBCCA04C-AAAC-4AA6-8EA6-6383EF3D467A}"
EndProject
Project("{2150E333-8FDC-42A3-9474-1A3956D46DE8}") = "Business", "Business", "{0BA5235B-1F50-48BD-9024-43260AB7C926}"
EndProject
Project("{2150E333-8FDC-42A3-9474-1A3956D46DE8}") = "Infrastructure", "Infrastructure", "{DB0578A6-C5EB-483F-AC52-232EC1C490AE}"
EndProject
Project("{9A19103F-16F7-4668-BE54-9A1E7A4F7556}") = "Aiursoft.Archon", "src\Web Services\Basic\Archon\Aiursoft.Archon.csproj", "{086907FB-DF69-4308-926C-FF668AA8D2B6}"
EndProject
Project("{9A19103F-16F7-4668-BE54-9A1E7A4F7556}") = "Aiursoft.Developer", "src\Web Services\Basic\Developer\Aiursoft.Developer.csproj", "{42A8D3F2-12F7-418B-B0B6-EB88EFBE1577}"
EndProject
Project("{9A19103F-16F7-4668-BE54-9A1E7A4F7556}") = "Aiursoft.Gateway", "src\Web Services\Basic\Gateway\Aiursoft.Gateway.csproj", "{1B818B9A-DC72-487B-AFB6-522DF5AD21AE}"
EndProject
Project("{9A19103F-16F7-4668-BE54-9A1E7A4F7556}") = "Aiursoft.Account", "src\Web Services\Business\Account\Aiursoft.Account.csproj", "{421FEB24-6384-4301-9CFE-3341B3D14EDD}"
EndProject
Project("{9A19103F-16F7-4668-BE54-9A1E7A4F7556}") = "Aiursoft.Colossus", "src\Web Services\Business\Colossus\Aiursoft.Colossus.csproj", "{9DBEE4CD-BE49-4A39-ADE4-1AC012BBF58B}"
EndProject
Project("{9A19103F-16F7-4668-BE54-9A1E7A4F7556}") = "Aiursoft.Wiki", "src\Web Services\Business\Wiki\Aiursoft.Wiki.csproj", "{D7AAD5A8-80C7-4364-BEE0-B2D9A2496CA9}"
EndProject
Project("{9A19103F-16F7-4668-BE54-9A1E7A4F7556}") = "Aiursoft.WWW", "src\Web Services\Business\WWW\Aiursoft.WWW.csproj", "{804F5DA5-6259-4919-8516-703DD0B71934}"
EndProject
Project("{9A19103F-16F7-4668-BE54-9A1E7A4F7556}") = "Aiursoft.Probe", "src\Web Services\Infrastructure\Probe\Aiursoft.Probe.csproj", "{DFEAE0D9-5A32-4B63-A5B5-974709A5882E}"
EndProject
Project("{9A19103F-16F7-4668-BE54-9A1E7A4F7556}") = "Aiursoft.Stargate", "src\Web Services\Infrastructure\Stargate\Aiursoft.Stargate.csproj", "{7DF1C53D-F9B7-4DF1-AE88-A8625E647D9B}"
EndProject
Project("{9A19103F-16F7-4668-BE54-9A1E7A4F7556}") = "Aiursoft.Observer", "src\Web Services\Infrastructure\Observer\Aiursoft.Observer.csproj", "{AE6F0404-7805-4878-95CD-AF1B42ED0EC2}"
EndProject
Project("{9A19103F-16F7-4668-BE54-9A1E7A4F7556}") = "Aiursoft.EE", "src\Web Services\Business\EE\Aiursoft.EE.csproj", "{F1610CD8-C907-4AFC-A91D-03123B7459F0}"
EndProject
Project("{9A19103F-16F7-4668-BE54-9A1E7A4F7556}") = "Aiursoft.SDK", "src\SDK\SDK\Aiursoft.SDK.csproj", "{BFD266DD-8056-4B57-9B25-4575E1473C2D}"
EndProject
Project("{9A19103F-16F7-4668-BE54-9A1E7A4F7556}") = "Aiursoft.Observer.SDK", "src\Infrastructure\Observer.SDK\Aiursoft.Observer.SDK.csproj", "{E05603EB-C40E-4F21-8C63-8BE90DA9A7CF}"
EndProject
Project("{9A19103F-16F7-4668-BE54-9A1E7A4F7556}") = "Aiursoft.Status", "src\Web Services\Business\Status\Aiursoft.Status.csproj", "{08B3F8D4-DD14-42D4-B276-4155D3E116A1}"
EndProject
Project("{9A19103F-16F7-4668-BE54-9A1E7A4F7556}") = "Aiursoft.Developer.Abstract", "src\Abstracts\Developer.Abstract\Aiursoft.Developer.Abstract.csproj", "{4E5F15F2-F4F0-43C0-98EB-A8E2EF461E72}"
EndProject
Global
	GlobalSection(SolutionConfigurationPlatforms) = preSolution
		Debug|Any CPU = Debug|Any CPU
		Release|Any CPU = Release|Any CPU
	EndGlobalSection
	GlobalSection(ProjectConfigurationPlatforms) = postSolution
		{B087E7DF-0A89-43D9-9E92-F71BA554BD9B}.Debug|Any CPU.ActiveCfg = Debug|Any CPU
		{B087E7DF-0A89-43D9-9E92-F71BA554BD9B}.Debug|Any CPU.Build.0 = Debug|Any CPU
		{B087E7DF-0A89-43D9-9E92-F71BA554BD9B}.Release|Any CPU.ActiveCfg = Release|Any CPU
		{B087E7DF-0A89-43D9-9E92-F71BA554BD9B}.Release|Any CPU.Build.0 = Release|Any CPU
		{3EC86172-1487-479D-BE59-227BDCD2A6AF}.Debug|Any CPU.ActiveCfg = Debug|Any CPU
		{3EC86172-1487-479D-BE59-227BDCD2A6AF}.Debug|Any CPU.Build.0 = Debug|Any CPU
		{3EC86172-1487-479D-BE59-227BDCD2A6AF}.Release|Any CPU.ActiveCfg = Release|Any CPU
		{3EC86172-1487-479D-BE59-227BDCD2A6AF}.Release|Any CPU.Build.0 = Release|Any CPU
		{23D3D546-29B0-44BE-BBFB-E97721B5A3AD}.Debug|Any CPU.ActiveCfg = Debug|Any CPU
		{23D3D546-29B0-44BE-BBFB-E97721B5A3AD}.Debug|Any CPU.Build.0 = Debug|Any CPU
		{23D3D546-29B0-44BE-BBFB-E97721B5A3AD}.Release|Any CPU.ActiveCfg = Release|Any CPU
		{23D3D546-29B0-44BE-BBFB-E97721B5A3AD}.Release|Any CPU.Build.0 = Release|Any CPU
		{3D264A5F-FA06-482C-9CE6-7283039928FE}.Debug|Any CPU.ActiveCfg = Debug|Any CPU
		{3D264A5F-FA06-482C-9CE6-7283039928FE}.Debug|Any CPU.Build.0 = Debug|Any CPU
		{3D264A5F-FA06-482C-9CE6-7283039928FE}.Release|Any CPU.ActiveCfg = Release|Any CPU
		{3D264A5F-FA06-482C-9CE6-7283039928FE}.Release|Any CPU.Build.0 = Release|Any CPU
		{AD2E8159-73AF-468E-9900-EB14CC9462C8}.Debug|Any CPU.ActiveCfg = Debug|Any CPU
		{AD2E8159-73AF-468E-9900-EB14CC9462C8}.Debug|Any CPU.Build.0 = Debug|Any CPU
		{AD2E8159-73AF-468E-9900-EB14CC9462C8}.Release|Any CPU.ActiveCfg = Release|Any CPU
		{AD2E8159-73AF-468E-9900-EB14CC9462C8}.Release|Any CPU.Build.0 = Release|Any CPU
		{7365E309-1673-416B-AF8C-A8CED26F3444}.Debug|Any CPU.ActiveCfg = Debug|Any CPU
		{7365E309-1673-416B-AF8C-A8CED26F3444}.Debug|Any CPU.Build.0 = Debug|Any CPU
		{7365E309-1673-416B-AF8C-A8CED26F3444}.Release|Any CPU.ActiveCfg = Release|Any CPU
		{7365E309-1673-416B-AF8C-A8CED26F3444}.Release|Any CPU.Build.0 = Release|Any CPU
		{ED9386FF-DDB9-4B22-B65A-BA7F165F9084}.Debug|Any CPU.ActiveCfg = Debug|Any CPU
		{ED9386FF-DDB9-4B22-B65A-BA7F165F9084}.Debug|Any CPU.Build.0 = Debug|Any CPU
		{ED9386FF-DDB9-4B22-B65A-BA7F165F9084}.Release|Any CPU.ActiveCfg = Release|Any CPU
		{ED9386FF-DDB9-4B22-B65A-BA7F165F9084}.Release|Any CPU.Build.0 = Release|Any CPU
		{F3067D15-31B7-4C26-8DDD-786F5F999E54}.Debug|Any CPU.ActiveCfg = Debug|Any CPU
		{F3067D15-31B7-4C26-8DDD-786F5F999E54}.Debug|Any CPU.Build.0 = Debug|Any CPU
		{F3067D15-31B7-4C26-8DDD-786F5F999E54}.Release|Any CPU.ActiveCfg = Release|Any CPU
		{F3067D15-31B7-4C26-8DDD-786F5F999E54}.Release|Any CPU.Build.0 = Release|Any CPU
		{CE66F119-5564-41EB-9C6A-B7C9CA2EE404}.Debug|Any CPU.ActiveCfg = Debug|Any CPU
		{CE66F119-5564-41EB-9C6A-B7C9CA2EE404}.Debug|Any CPU.Build.0 = Debug|Any CPU
		{CE66F119-5564-41EB-9C6A-B7C9CA2EE404}.Release|Any CPU.ActiveCfg = Release|Any CPU
		{CE66F119-5564-41EB-9C6A-B7C9CA2EE404}.Release|Any CPU.Build.0 = Release|Any CPU
		{502806E8-E9B2-4C19-9549-604C1BA57AF8}.Debug|Any CPU.ActiveCfg = Debug|Any CPU
		{502806E8-E9B2-4C19-9549-604C1BA57AF8}.Debug|Any CPU.Build.0 = Debug|Any CPU
		{502806E8-E9B2-4C19-9549-604C1BA57AF8}.Release|Any CPU.ActiveCfg = Release|Any CPU
		{502806E8-E9B2-4C19-9549-604C1BA57AF8}.Release|Any CPU.Build.0 = Release|Any CPU
		{D7D89ECE-C00A-4269-8A28-F05490B5B1B1}.Debug|Any CPU.ActiveCfg = Debug|Any CPU
		{D7D89ECE-C00A-4269-8A28-F05490B5B1B1}.Debug|Any CPU.Build.0 = Debug|Any CPU
		{D7D89ECE-C00A-4269-8A28-F05490B5B1B1}.Release|Any CPU.ActiveCfg = Release|Any CPU
		{D7D89ECE-C00A-4269-8A28-F05490B5B1B1}.Release|Any CPU.Build.0 = Release|Any CPU
		{2FAB11D0-1E0A-43AC-89FC-5A13A24FD5D9}.Debug|Any CPU.ActiveCfg = Debug|Any CPU
		{2FAB11D0-1E0A-43AC-89FC-5A13A24FD5D9}.Debug|Any CPU.Build.0 = Debug|Any CPU
		{2FAB11D0-1E0A-43AC-89FC-5A13A24FD5D9}.Release|Any CPU.ActiveCfg = Release|Any CPU
		{2FAB11D0-1E0A-43AC-89FC-5A13A24FD5D9}.Release|Any CPU.Build.0 = Release|Any CPU
		{F0652176-7E27-4B05-BA27-9A49116C894A}.Debug|Any CPU.ActiveCfg = Debug|Any CPU
		{F0652176-7E27-4B05-BA27-9A49116C894A}.Debug|Any CPU.Build.0 = Debug|Any CPU
		{F0652176-7E27-4B05-BA27-9A49116C894A}.Release|Any CPU.ActiveCfg = Release|Any CPU
		{F0652176-7E27-4B05-BA27-9A49116C894A}.Release|Any CPU.Build.0 = Release|Any CPU
		{07910E30-E140-48CD-8D6D-9C4EFB1E4F41}.Debug|Any CPU.ActiveCfg = Debug|Any CPU
		{07910E30-E140-48CD-8D6D-9C4EFB1E4F41}.Debug|Any CPU.Build.0 = Debug|Any CPU
		{07910E30-E140-48CD-8D6D-9C4EFB1E4F41}.Release|Any CPU.ActiveCfg = Release|Any CPU
		{07910E30-E140-48CD-8D6D-9C4EFB1E4F41}.Release|Any CPU.Build.0 = Release|Any CPU
		{FF710B5F-E9EF-431D-81BD-08729E8D2725}.Debug|Any CPU.ActiveCfg = Debug|Any CPU
		{FF710B5F-E9EF-431D-81BD-08729E8D2725}.Debug|Any CPU.Build.0 = Debug|Any CPU
		{FF710B5F-E9EF-431D-81BD-08729E8D2725}.Release|Any CPU.ActiveCfg = Release|Any CPU
		{FF710B5F-E9EF-431D-81BD-08729E8D2725}.Release|Any CPU.Build.0 = Release|Any CPU
		{6885E45B-44A2-49E4-A8E1-B5B1A9C74473}.Debug|Any CPU.ActiveCfg = Debug|Any CPU
		{6885E45B-44A2-49E4-A8E1-B5B1A9C74473}.Debug|Any CPU.Build.0 = Debug|Any CPU
		{6885E45B-44A2-49E4-A8E1-B5B1A9C74473}.Release|Any CPU.ActiveCfg = Release|Any CPU
		{6885E45B-44A2-49E4-A8E1-B5B1A9C74473}.Release|Any CPU.Build.0 = Release|Any CPU
		{086907FB-DF69-4308-926C-FF668AA8D2B6}.Debug|Any CPU.ActiveCfg = Debug|Any CPU
		{086907FB-DF69-4308-926C-FF668AA8D2B6}.Debug|Any CPU.Build.0 = Debug|Any CPU
		{086907FB-DF69-4308-926C-FF668AA8D2B6}.Release|Any CPU.ActiveCfg = Release|Any CPU
		{086907FB-DF69-4308-926C-FF668AA8D2B6}.Release|Any CPU.Build.0 = Release|Any CPU
		{42A8D3F2-12F7-418B-B0B6-EB88EFBE1577}.Debug|Any CPU.ActiveCfg = Debug|Any CPU
		{42A8D3F2-12F7-418B-B0B6-EB88EFBE1577}.Debug|Any CPU.Build.0 = Debug|Any CPU
		{42A8D3F2-12F7-418B-B0B6-EB88EFBE1577}.Release|Any CPU.ActiveCfg = Release|Any CPU
		{42A8D3F2-12F7-418B-B0B6-EB88EFBE1577}.Release|Any CPU.Build.0 = Release|Any CPU
		{1B818B9A-DC72-487B-AFB6-522DF5AD21AE}.Debug|Any CPU.ActiveCfg = Debug|Any CPU
		{1B818B9A-DC72-487B-AFB6-522DF5AD21AE}.Debug|Any CPU.Build.0 = Debug|Any CPU
		{1B818B9A-DC72-487B-AFB6-522DF5AD21AE}.Release|Any CPU.ActiveCfg = Release|Any CPU
		{1B818B9A-DC72-487B-AFB6-522DF5AD21AE}.Release|Any CPU.Build.0 = Release|Any CPU
		{421FEB24-6384-4301-9CFE-3341B3D14EDD}.Debug|Any CPU.ActiveCfg = Debug|Any CPU
		{421FEB24-6384-4301-9CFE-3341B3D14EDD}.Debug|Any CPU.Build.0 = Debug|Any CPU
		{421FEB24-6384-4301-9CFE-3341B3D14EDD}.Release|Any CPU.ActiveCfg = Release|Any CPU
		{421FEB24-6384-4301-9CFE-3341B3D14EDD}.Release|Any CPU.Build.0 = Release|Any CPU
		{9DBEE4CD-BE49-4A39-ADE4-1AC012BBF58B}.Debug|Any CPU.ActiveCfg = Debug|Any CPU
		{9DBEE4CD-BE49-4A39-ADE4-1AC012BBF58B}.Debug|Any CPU.Build.0 = Debug|Any CPU
		{9DBEE4CD-BE49-4A39-ADE4-1AC012BBF58B}.Release|Any CPU.ActiveCfg = Release|Any CPU
		{9DBEE4CD-BE49-4A39-ADE4-1AC012BBF58B}.Release|Any CPU.Build.0 = Release|Any CPU
		{D7AAD5A8-80C7-4364-BEE0-B2D9A2496CA9}.Debug|Any CPU.ActiveCfg = Debug|Any CPU
		{D7AAD5A8-80C7-4364-BEE0-B2D9A2496CA9}.Debug|Any CPU.Build.0 = Debug|Any CPU
		{D7AAD5A8-80C7-4364-BEE0-B2D9A2496CA9}.Release|Any CPU.ActiveCfg = Release|Any CPU
		{D7AAD5A8-80C7-4364-BEE0-B2D9A2496CA9}.Release|Any CPU.Build.0 = Release|Any CPU
		{804F5DA5-6259-4919-8516-703DD0B71934}.Debug|Any CPU.ActiveCfg = Debug|Any CPU
		{804F5DA5-6259-4919-8516-703DD0B71934}.Debug|Any CPU.Build.0 = Debug|Any CPU
		{804F5DA5-6259-4919-8516-703DD0B71934}.Release|Any CPU.ActiveCfg = Release|Any CPU
		{804F5DA5-6259-4919-8516-703DD0B71934}.Release|Any CPU.Build.0 = Release|Any CPU
		{DFEAE0D9-5A32-4B63-A5B5-974709A5882E}.Debug|Any CPU.ActiveCfg = Debug|Any CPU
		{DFEAE0D9-5A32-4B63-A5B5-974709A5882E}.Debug|Any CPU.Build.0 = Debug|Any CPU
		{DFEAE0D9-5A32-4B63-A5B5-974709A5882E}.Release|Any CPU.ActiveCfg = Release|Any CPU
		{DFEAE0D9-5A32-4B63-A5B5-974709A5882E}.Release|Any CPU.Build.0 = Release|Any CPU
		{7DF1C53D-F9B7-4DF1-AE88-A8625E647D9B}.Debug|Any CPU.ActiveCfg = Debug|Any CPU
		{7DF1C53D-F9B7-4DF1-AE88-A8625E647D9B}.Debug|Any CPU.Build.0 = Debug|Any CPU
		{7DF1C53D-F9B7-4DF1-AE88-A8625E647D9B}.Release|Any CPU.ActiveCfg = Release|Any CPU
		{7DF1C53D-F9B7-4DF1-AE88-A8625E647D9B}.Release|Any CPU.Build.0 = Release|Any CPU
		{AE6F0404-7805-4878-95CD-AF1B42ED0EC2}.Debug|Any CPU.ActiveCfg = Debug|Any CPU
		{AE6F0404-7805-4878-95CD-AF1B42ED0EC2}.Debug|Any CPU.Build.0 = Debug|Any CPU
		{AE6F0404-7805-4878-95CD-AF1B42ED0EC2}.Release|Any CPU.ActiveCfg = Release|Any CPU
		{AE6F0404-7805-4878-95CD-AF1B42ED0EC2}.Release|Any CPU.Build.0 = Release|Any CPU
		{F1610CD8-C907-4AFC-A91D-03123B7459F0}.Debug|Any CPU.ActiveCfg = Debug|Any CPU
		{F1610CD8-C907-4AFC-A91D-03123B7459F0}.Debug|Any CPU.Build.0 = Debug|Any CPU
		{F1610CD8-C907-4AFC-A91D-03123B7459F0}.Release|Any CPU.ActiveCfg = Release|Any CPU
		{F1610CD8-C907-4AFC-A91D-03123B7459F0}.Release|Any CPU.Build.0 = Release|Any CPU
		{BFD266DD-8056-4B57-9B25-4575E1473C2D}.Debug|Any CPU.ActiveCfg = Debug|Any CPU
		{BFD266DD-8056-4B57-9B25-4575E1473C2D}.Debug|Any CPU.Build.0 = Debug|Any CPU
		{BFD266DD-8056-4B57-9B25-4575E1473C2D}.Release|Any CPU.ActiveCfg = Release|Any CPU
		{BFD266DD-8056-4B57-9B25-4575E1473C2D}.Release|Any CPU.Build.0 = Release|Any CPU
		{E05603EB-C40E-4F21-8C63-8BE90DA9A7CF}.Debug|Any CPU.ActiveCfg = Debug|Any CPU
		{E05603EB-C40E-4F21-8C63-8BE90DA9A7CF}.Debug|Any CPU.Build.0 = Debug|Any CPU
		{E05603EB-C40E-4F21-8C63-8BE90DA9A7CF}.Release|Any CPU.ActiveCfg = Release|Any CPU
		{E05603EB-C40E-4F21-8C63-8BE90DA9A7CF}.Release|Any CPU.Build.0 = Release|Any CPU
		{08B3F8D4-DD14-42D4-B276-4155D3E116A1}.Debug|Any CPU.ActiveCfg = Debug|Any CPU
		{08B3F8D4-DD14-42D4-B276-4155D3E116A1}.Debug|Any CPU.Build.0 = Debug|Any CPU
		{08B3F8D4-DD14-42D4-B276-4155D3E116A1}.Release|Any CPU.ActiveCfg = Release|Any CPU
		{08B3F8D4-DD14-42D4-B276-4155D3E116A1}.Release|Any CPU.Build.0 = Release|Any CPU
		{4E5F15F2-F4F0-43C0-98EB-A8E2EF461E72}.Debug|Any CPU.ActiveCfg = Debug|Any CPU
		{4E5F15F2-F4F0-43C0-98EB-A8E2EF461E72}.Debug|Any CPU.Build.0 = Debug|Any CPU
		{4E5F15F2-F4F0-43C0-98EB-A8E2EF461E72}.Release|Any CPU.ActiveCfg = Release|Any CPU
		{4E5F15F2-F4F0-43C0-98EB-A8E2EF461E72}.Release|Any CPU.Build.0 = Release|Any CPU
	EndGlobalSection
	GlobalSection(SolutionProperties) = preSolution
		HideSolutionNode = FALSE
	EndGlobalSection
	GlobalSection(NestedProjects) = preSolution
		{B087E7DF-0A89-43D9-9E92-F71BA554BD9B} = {BB486D48-BAD1-422F-AF60-81D3683B5E61}
		{3EC86172-1487-479D-BE59-227BDCD2A6AF} = {BB486D48-BAD1-422F-AF60-81D3683B5E61}
		{23D3D546-29B0-44BE-BBFB-E97721B5A3AD} = {BB486D48-BAD1-422F-AF60-81D3683B5E61}
		{3D264A5F-FA06-482C-9CE6-7283039928FE} = {BB486D48-BAD1-422F-AF60-81D3683B5E61}
		{AD2E8159-73AF-468E-9900-EB14CC9462C8} = {BB486D48-BAD1-422F-AF60-81D3683B5E61}
		{7365E309-1673-416B-AF8C-A8CED26F3444} = {094B06AA-B42B-48F3-AC11-825928553517}
		{ED9386FF-DDB9-4B22-B65A-BA7F165F9084} = {094B06AA-B42B-48F3-AC11-825928553517}
		{F3067D15-31B7-4C26-8DDD-786F5F999E54} = {094B06AA-B42B-48F3-AC11-825928553517}
		{CE66F119-5564-41EB-9C6A-B7C9CA2EE404} = {094B06AA-B42B-48F3-AC11-825928553517}
		{502806E8-E9B2-4C19-9549-604C1BA57AF8} = {094B06AA-B42B-48F3-AC11-825928553517}
		{D7D89ECE-C00A-4269-8A28-F05490B5B1B1} = {07F3718A-6DC5-4A11-A836-80124AF47482}
		{2FAB11D0-1E0A-43AC-89FC-5A13A24FD5D9} = {D08213D8-4A94-403C-8D20-780A4C7E5140}
		{F0652176-7E27-4B05-BA27-9A49116C894A} = {D08213D8-4A94-403C-8D20-780A4C7E5140}
		{07910E30-E140-48CD-8D6D-9C4EFB1E4F41} = {D08213D8-4A94-403C-8D20-780A4C7E5140}
		{FF710B5F-E9EF-431D-81BD-08729E8D2725} = {D08213D8-4A94-403C-8D20-780A4C7E5140}
		{6885E45B-44A2-49E4-A8E1-B5B1A9C74473} = {D08213D8-4A94-403C-8D20-780A4C7E5140}
		{CBCCA04C-AAAC-4AA6-8EA6-6383EF3D467A} = {CAD4C107-E9C2-42D9-BC15-7E06F5102AE8}
		{0BA5235B-1F50-48BD-9024-43260AB7C926} = {CAD4C107-E9C2-42D9-BC15-7E06F5102AE8}
		{DB0578A6-C5EB-483F-AC52-232EC1C490AE} = {CAD4C107-E9C2-42D9-BC15-7E06F5102AE8}
		{086907FB-DF69-4308-926C-FF668AA8D2B6} = {CBCCA04C-AAAC-4AA6-8EA6-6383EF3D467A}
		{42A8D3F2-12F7-418B-B0B6-EB88EFBE1577} = {CBCCA04C-AAAC-4AA6-8EA6-6383EF3D467A}
		{1B818B9A-DC72-487B-AFB6-522DF5AD21AE} = {CBCCA04C-AAAC-4AA6-8EA6-6383EF3D467A}
		{421FEB24-6384-4301-9CFE-3341B3D14EDD} = {0BA5235B-1F50-48BD-9024-43260AB7C926}
		{9DBEE4CD-BE49-4A39-ADE4-1AC012BBF58B} = {0BA5235B-1F50-48BD-9024-43260AB7C926}
		{D7AAD5A8-80C7-4364-BEE0-B2D9A2496CA9} = {0BA5235B-1F50-48BD-9024-43260AB7C926}
		{804F5DA5-6259-4919-8516-703DD0B71934} = {0BA5235B-1F50-48BD-9024-43260AB7C926}
		{DFEAE0D9-5A32-4B63-A5B5-974709A5882E} = {DB0578A6-C5EB-483F-AC52-232EC1C490AE}
		{7DF1C53D-F9B7-4DF1-AE88-A8625E647D9B} = {DB0578A6-C5EB-483F-AC52-232EC1C490AE}
		{AE6F0404-7805-4878-95CD-AF1B42ED0EC2} = {DB0578A6-C5EB-483F-AC52-232EC1C490AE}
		{F1610CD8-C907-4AFC-A91D-03123B7459F0} = {0BA5235B-1F50-48BD-9024-43260AB7C926}
		{BFD266DD-8056-4B57-9B25-4575E1473C2D} = {07F3718A-6DC5-4A11-A836-80124AF47482}
		{E05603EB-C40E-4F21-8C63-8BE90DA9A7CF} = {094B06AA-B42B-48F3-AC11-825928553517}
		{08B3F8D4-DD14-42D4-B276-4155D3E116A1} = {0BA5235B-1F50-48BD-9024-43260AB7C926}
		{4E5F15F2-F4F0-43C0-98EB-A8E2EF461E72} = {BB486D48-BAD1-422F-AF60-81D3683B5E61}
	EndGlobalSection
	GlobalSection(ExtensibilityGlobals) = postSolution
		SolutionGuid = {2A55376D-2CE7-4C61-8D33-16C3FFEC02DE}
	EndGlobalSection
EndGlobal
