
Microsoft Visual Studio Solution File, Format Version 12.00
# Visual Studio Version 16
VisualStudioVersion = 16.0.28729.10
MinimumVisualStudioVersion = 10.0.40219.1
Project("{9A19103F-16F7-4668-BE54-9A1E7A4F7556}") = "Aiursoft.Account", "Account\Aiursoft.Account.csproj", "{9A623027-D46C-4D27-B794-030305C8314F}"
EndProject
Project("{9A19103F-16F7-4668-BE54-9A1E7A4F7556}") = "Aiursoft.Gateway", "Gateway\Aiursoft.Gateway.csproj", "{09723551-A1BF-40A9-86DC-BDDAB3E2D52E}"
EndProject
Project("{9A19103F-16F7-4668-BE54-9A1E7A4F7556}") = "Aiursoft.Colossus", "Colossus\Aiursoft.Colossus.csproj", "{D7E4B6C1-DC9A-4850-BA1C-F93BDCE38D96}"
EndProject
Project("{9A19103F-16F7-4668-BE54-9A1E7A4F7556}") = "Aiursoft.Developer", "Developer\Aiursoft.Developer.csproj", "{FDF63488-C002-427B-ACEB-5D45DAEC9608}"
EndProject
Project("{9A19103F-16F7-4668-BE54-9A1E7A4F7556}") = "Aiursoft.EE", "EE\Aiursoft.EE.csproj", "{8CC0193D-16E7-452A-B328-C1487A1A778D}"
EndProject
Project("{9A19103F-16F7-4668-BE54-9A1E7A4F7556}") = "Aiursoft.Pylon", "Pylon\Aiursoft.Pylon.csproj", "{39488520-FF2A-4F24-AF93-0BACBFAA5DCB}"
EndProject
Project("{9A19103F-16F7-4668-BE54-9A1E7A4F7556}") = "Aiursoft.Stargate", "Stargate\Aiursoft.Stargate.csproj", "{723DAE8E-AAE0-4EB5-98F7-5C620ACD88E1}"
EndProject
Project("{9A19103F-16F7-4668-BE54-9A1E7A4F7556}") = "Aiursoft.Wiki", "Wiki\Aiursoft.Wiki.csproj", "{92E4723E-17B6-41AC-8EC0-59C13A40B495}"
EndProject
Project("{9A19103F-16F7-4668-BE54-9A1E7A4F7556}") = "Aiursoft.WWW", "WWW\Aiursoft.WWW.csproj", "{7A9F4EA7-2366-40D4-A80E-640ED8899DE8}"
EndProject
Project("{9A19103F-16F7-4668-BE54-9A1E7A4F7556}") = "Aiursoft.Archon", "Archon\Aiursoft.Archon.csproj", "{C8EB2F39-DE64-4D14-A878-337D3DB188A4}"
EndProject
Project("{9A19103F-16F7-4668-BE54-9A1E7A4F7556}") = "Aiursoft.Probe", "Probe\Aiursoft.Probe.csproj", "{33D29374-4551-43E5-AD37-E06650237429}"
EndProject
Project("{9A19103F-16F7-4668-BE54-9A1E7A4F7556}") = "Aiursoft.Status", "Status\Aiursoft.Status.csproj", "{B707C230-9C36-4725-9B29-42500C1F5E06}"
EndProject
Project("{9A19103F-16F7-4668-BE54-9A1E7A4F7556}") = "Aiursoft.SDK", "SDK\Aiursoft.SDK.csproj", "{91CB1987-9013-4C9D-9731-23C9D32C5643}"
EndProject
Project("{2150E333-8FDC-42A3-9474-1A3956D46DE8}") = "SDK", "SDK", "{29CFE406-658D-4AF3-B6A6-1B41F6836D1B}"
EndProject
Project("{2150E333-8FDC-42A3-9474-1A3956D46DE8}") = "Web", "Web", "{7409D140-50D4-4DAE-BDBC-657A6C6A4624}"
EndProject
Project("{2150E333-8FDC-42A3-9474-1A3956D46DE8}") = "Infrasturctures", "Infrasturctures", "{325BA992-FF6F-4C79-B780-DF5B2D61C7F8}"
EndProject
Project("{2150E333-8FDC-42A3-9474-1A3956D46DE8}") = "Services", "Services", "{AC733873-DB57-4038-A3B5-DDE37912BBF5}"
EndProject
Project("{2150E333-8FDC-42A3-9474-1A3956D46DE8}") = "Business", "Business", "{6152BF66-9E7E-4247-A1DE-49D483B2965F}"
EndProject
Project("{9A19103F-16F7-4668-BE54-9A1E7A4F7556}") = "Aiursoft.XelNaga", "XelNaga\Aiursoft.XelNaga.csproj", "{CBD9DDFF-EAE0-4729-922F-1FEC1D9EABD1}"
EndProject
Project("{9A19103F-16F7-4668-BE54-9A1E7A4F7556}") = "Aiursoft.Scanner", "Scanner\Aiursoft.Scanner.csproj", "{07102E00-6E90-44DB-8B90-9E078667B350}"
EndProject
Project("{2150E333-8FDC-42A3-9474-1A3956D46DE8}") = "Basic Tools", "Basic Tools", "{DC83ABF9-E8AB-4495-8596-557657A372C1}"
EndProject
Project("{9A19103F-16F7-4668-BE54-9A1E7A4F7556}") = "Aiursoft.DocGenerator", "DocGenerator\Aiursoft.DocGenerator.csproj", "{CBDC173E-8039-413E-981A-31D463AC77CB}"
EndProject
Project("{2150E333-8FDC-42A3-9474-1A3956D46DE8}") = "Abstracts", "Abstracts", "{528F9F3C-6EED-48D2-B14B-52091AF7FA69}"
EndProject
Project("{9A19103F-16F7-4668-BE54-9A1E7A4F7556}") = "Aiursoft.Scanner.Abstract", "Scanner.Abstract\Aiursoft.Scanner.Abstract.csproj", "{B9687EBA-6767-47F5-9CAD-3448F995EB87}"
EndProject
Project("{2150E333-8FDC-42A3-9474-1A3956D46DE8}") = "Infrastructure SDK", "Infrastructure SDK", "{12274B29-5390-4BD1-A3A2-9EFA35D6C82C}"
EndProject
Project("{9A19103F-16F7-4668-BE54-9A1E7A4F7556}") = "Aiursoft.Handler", "Handler\Aiursoft.Handler.csproj", "{88EF000E-1858-4613-8ED5-AFD14F3BD10E}"
EndProject
Project("{9A19103F-16F7-4668-BE54-9A1E7A4F7556}") = "Aiursoft.WebTools", "WebTools\Aiursoft.WebTools.csproj", "{0CCF02B0-24C5-495F-B421-F0D5675FE437}"
EndProject
Project("{9A19103F-16F7-4668-BE54-9A1E7A4F7556}") = "Aiursoft.Status.SDK", "Status.SDK\Aiursoft.Status.SDK.csproj", "{6E75A1BA-889F-4557-B011-77160CA21B11}"
EndProject
Project("{9A19103F-16F7-4668-BE54-9A1E7A4F7556}") = "Aiursoft.Archon.SDK", "Archon.SDK\Aiursoft.Archon.SDK.csproj", "{66572BFE-0909-4E6E-9CBE-4E6A182E3FCA}"
EndProject
Project("{9A19103F-16F7-4668-BE54-9A1E7A4F7556}") = "Aiursoft.Stargate.SDK", "Stargate.SDK\Aiursoft.Stargate.SDK.csproj", "{96A23BD0-F040-41EA-AB66-E2DCFBE284A1}"
EndProject
Project("{9A19103F-16F7-4668-BE54-9A1E7A4F7556}") = "Aiursoft.Probe.SDK", "Probe.SDK\Aiursoft.Probe.SDK.csproj", "{25401A0D-0510-4E2C-BFEB-2C6520DF65C5}"
EndProject
Global
	GlobalSection(SolutionConfigurationPlatforms) = preSolution
		Debug|Any CPU = Debug|Any CPU
		Release|Any CPU = Release|Any CPU
	EndGlobalSection
	GlobalSection(ProjectConfigurationPlatforms) = postSolution
		{9A623027-D46C-4D27-B794-030305C8314F}.Debug|Any CPU.ActiveCfg = Debug|Any CPU
		{9A623027-D46C-4D27-B794-030305C8314F}.Debug|Any CPU.Build.0 = Debug|Any CPU
		{9A623027-D46C-4D27-B794-030305C8314F}.Release|Any CPU.ActiveCfg = Release|Any CPU
		{9A623027-D46C-4D27-B794-030305C8314F}.Release|Any CPU.Build.0 = Release|Any CPU
		{09723551-A1BF-40A9-86DC-BDDAB3E2D52E}.Debug|Any CPU.ActiveCfg = Debug|Any CPU
		{09723551-A1BF-40A9-86DC-BDDAB3E2D52E}.Debug|Any CPU.Build.0 = Debug|Any CPU
		{09723551-A1BF-40A9-86DC-BDDAB3E2D52E}.Release|Any CPU.ActiveCfg = Release|Any CPU
		{09723551-A1BF-40A9-86DC-BDDAB3E2D52E}.Release|Any CPU.Build.0 = Release|Any CPU
		{D7E4B6C1-DC9A-4850-BA1C-F93BDCE38D96}.Debug|Any CPU.ActiveCfg = Debug|Any CPU
		{D7E4B6C1-DC9A-4850-BA1C-F93BDCE38D96}.Debug|Any CPU.Build.0 = Debug|Any CPU
		{D7E4B6C1-DC9A-4850-BA1C-F93BDCE38D96}.Release|Any CPU.ActiveCfg = Release|Any CPU
		{D7E4B6C1-DC9A-4850-BA1C-F93BDCE38D96}.Release|Any CPU.Build.0 = Release|Any CPU
		{FDF63488-C002-427B-ACEB-5D45DAEC9608}.Debug|Any CPU.ActiveCfg = Debug|Any CPU
		{FDF63488-C002-427B-ACEB-5D45DAEC9608}.Debug|Any CPU.Build.0 = Debug|Any CPU
		{FDF63488-C002-427B-ACEB-5D45DAEC9608}.Release|Any CPU.ActiveCfg = Release|Any CPU
		{FDF63488-C002-427B-ACEB-5D45DAEC9608}.Release|Any CPU.Build.0 = Release|Any CPU
		{8CC0193D-16E7-452A-B328-C1487A1A778D}.Debug|Any CPU.ActiveCfg = Debug|Any CPU
		{8CC0193D-16E7-452A-B328-C1487A1A778D}.Debug|Any CPU.Build.0 = Debug|Any CPU
		{8CC0193D-16E7-452A-B328-C1487A1A778D}.Release|Any CPU.ActiveCfg = Release|Any CPU
		{8CC0193D-16E7-452A-B328-C1487A1A778D}.Release|Any CPU.Build.0 = Release|Any CPU
		{39488520-FF2A-4F24-AF93-0BACBFAA5DCB}.Debug|Any CPU.ActiveCfg = Debug|Any CPU
		{39488520-FF2A-4F24-AF93-0BACBFAA5DCB}.Debug|Any CPU.Build.0 = Debug|Any CPU
		{39488520-FF2A-4F24-AF93-0BACBFAA5DCB}.Release|Any CPU.ActiveCfg = Release|Any CPU
		{39488520-FF2A-4F24-AF93-0BACBFAA5DCB}.Release|Any CPU.Build.0 = Release|Any CPU
		{723DAE8E-AAE0-4EB5-98F7-5C620ACD88E1}.Debug|Any CPU.ActiveCfg = Debug|Any CPU
		{723DAE8E-AAE0-4EB5-98F7-5C620ACD88E1}.Debug|Any CPU.Build.0 = Debug|Any CPU
		{723DAE8E-AAE0-4EB5-98F7-5C620ACD88E1}.Release|Any CPU.ActiveCfg = Release|Any CPU
		{723DAE8E-AAE0-4EB5-98F7-5C620ACD88E1}.Release|Any CPU.Build.0 = Release|Any CPU
		{92E4723E-17B6-41AC-8EC0-59C13A40B495}.Debug|Any CPU.ActiveCfg = Debug|Any CPU
		{92E4723E-17B6-41AC-8EC0-59C13A40B495}.Debug|Any CPU.Build.0 = Debug|Any CPU
		{92E4723E-17B6-41AC-8EC0-59C13A40B495}.Release|Any CPU.ActiveCfg = Release|Any CPU
		{92E4723E-17B6-41AC-8EC0-59C13A40B495}.Release|Any CPU.Build.0 = Release|Any CPU
		{7A9F4EA7-2366-40D4-A80E-640ED8899DE8}.Debug|Any CPU.ActiveCfg = Debug|Any CPU
		{7A9F4EA7-2366-40D4-A80E-640ED8899DE8}.Debug|Any CPU.Build.0 = Debug|Any CPU
		{7A9F4EA7-2366-40D4-A80E-640ED8899DE8}.Release|Any CPU.ActiveCfg = Release|Any CPU
		{7A9F4EA7-2366-40D4-A80E-640ED8899DE8}.Release|Any CPU.Build.0 = Release|Any CPU
		{C8EB2F39-DE64-4D14-A878-337D3DB188A4}.Debug|Any CPU.ActiveCfg = Debug|Any CPU
		{C8EB2F39-DE64-4D14-A878-337D3DB188A4}.Debug|Any CPU.Build.0 = Debug|Any CPU
		{C8EB2F39-DE64-4D14-A878-337D3DB188A4}.Release|Any CPU.ActiveCfg = Release|Any CPU
		{C8EB2F39-DE64-4D14-A878-337D3DB188A4}.Release|Any CPU.Build.0 = Release|Any CPU
		{33D29374-4551-43E5-AD37-E06650237429}.Debug|Any CPU.ActiveCfg = Debug|Any CPU
		{33D29374-4551-43E5-AD37-E06650237429}.Debug|Any CPU.Build.0 = Debug|Any CPU
		{33D29374-4551-43E5-AD37-E06650237429}.Release|Any CPU.ActiveCfg = Release|Any CPU
		{33D29374-4551-43E5-AD37-E06650237429}.Release|Any CPU.Build.0 = Release|Any CPU
		{B707C230-9C36-4725-9B29-42500C1F5E06}.Debug|Any CPU.ActiveCfg = Debug|Any CPU
		{B707C230-9C36-4725-9B29-42500C1F5E06}.Debug|Any CPU.Build.0 = Debug|Any CPU
		{B707C230-9C36-4725-9B29-42500C1F5E06}.Release|Any CPU.ActiveCfg = Release|Any CPU
		{B707C230-9C36-4725-9B29-42500C1F5E06}.Release|Any CPU.Build.0 = Release|Any CPU
		{91CB1987-9013-4C9D-9731-23C9D32C5643}.Debug|Any CPU.ActiveCfg = Debug|Any CPU
		{91CB1987-9013-4C9D-9731-23C9D32C5643}.Debug|Any CPU.Build.0 = Debug|Any CPU
		{91CB1987-9013-4C9D-9731-23C9D32C5643}.Release|Any CPU.ActiveCfg = Release|Any CPU
		{91CB1987-9013-4C9D-9731-23C9D32C5643}.Release|Any CPU.Build.0 = Release|Any CPU
		{CBD9DDFF-EAE0-4729-922F-1FEC1D9EABD1}.Debug|Any CPU.ActiveCfg = Debug|Any CPU
		{CBD9DDFF-EAE0-4729-922F-1FEC1D9EABD1}.Debug|Any CPU.Build.0 = Debug|Any CPU
		{CBD9DDFF-EAE0-4729-922F-1FEC1D9EABD1}.Release|Any CPU.ActiveCfg = Release|Any CPU
		{CBD9DDFF-EAE0-4729-922F-1FEC1D9EABD1}.Release|Any CPU.Build.0 = Release|Any CPU
		{07102E00-6E90-44DB-8B90-9E078667B350}.Debug|Any CPU.ActiveCfg = Debug|Any CPU
		{07102E00-6E90-44DB-8B90-9E078667B350}.Debug|Any CPU.Build.0 = Debug|Any CPU
		{07102E00-6E90-44DB-8B90-9E078667B350}.Release|Any CPU.ActiveCfg = Release|Any CPU
		{07102E00-6E90-44DB-8B90-9E078667B350}.Release|Any CPU.Build.0 = Release|Any CPU
		{CBDC173E-8039-413E-981A-31D463AC77CB}.Debug|Any CPU.ActiveCfg = Debug|Any CPU
		{CBDC173E-8039-413E-981A-31D463AC77CB}.Debug|Any CPU.Build.0 = Debug|Any CPU
		{CBDC173E-8039-413E-981A-31D463AC77CB}.Release|Any CPU.ActiveCfg = Release|Any CPU
		{CBDC173E-8039-413E-981A-31D463AC77CB}.Release|Any CPU.Build.0 = Release|Any CPU
		{B9687EBA-6767-47F5-9CAD-3448F995EB87}.Debug|Any CPU.ActiveCfg = Debug|Any CPU
		{B9687EBA-6767-47F5-9CAD-3448F995EB87}.Debug|Any CPU.Build.0 = Debug|Any CPU
		{B9687EBA-6767-47F5-9CAD-3448F995EB87}.Release|Any CPU.ActiveCfg = Release|Any CPU
		{B9687EBA-6767-47F5-9CAD-3448F995EB87}.Release|Any CPU.Build.0 = Release|Any CPU
		{88EF000E-1858-4613-8ED5-AFD14F3BD10E}.Debug|Any CPU.ActiveCfg = Debug|Any CPU
		{88EF000E-1858-4613-8ED5-AFD14F3BD10E}.Debug|Any CPU.Build.0 = Debug|Any CPU
		{88EF000E-1858-4613-8ED5-AFD14F3BD10E}.Release|Any CPU.ActiveCfg = Release|Any CPU
		{88EF000E-1858-4613-8ED5-AFD14F3BD10E}.Release|Any CPU.Build.0 = Release|Any CPU
		{0CCF02B0-24C5-495F-B421-F0D5675FE437}.Debug|Any CPU.ActiveCfg = Debug|Any CPU
		{0CCF02B0-24C5-495F-B421-F0D5675FE437}.Debug|Any CPU.Build.0 = Debug|Any CPU
		{0CCF02B0-24C5-495F-B421-F0D5675FE437}.Release|Any CPU.ActiveCfg = Release|Any CPU
		{0CCF02B0-24C5-495F-B421-F0D5675FE437}.Release|Any CPU.Build.0 = Release|Any CPU
		{6E75A1BA-889F-4557-B011-77160CA21B11}.Debug|Any CPU.ActiveCfg = Debug|Any CPU
		{6E75A1BA-889F-4557-B011-77160CA21B11}.Debug|Any CPU.Build.0 = Debug|Any CPU
		{6E75A1BA-889F-4557-B011-77160CA21B11}.Release|Any CPU.ActiveCfg = Release|Any CPU
		{6E75A1BA-889F-4557-B011-77160CA21B11}.Release|Any CPU.Build.0 = Release|Any CPU
		{66572BFE-0909-4E6E-9CBE-4E6A182E3FCA}.Debug|Any CPU.ActiveCfg = Debug|Any CPU
		{66572BFE-0909-4E6E-9CBE-4E6A182E3FCA}.Debug|Any CPU.Build.0 = Debug|Any CPU
		{66572BFE-0909-4E6E-9CBE-4E6A182E3FCA}.Release|Any CPU.ActiveCfg = Release|Any CPU
		{66572BFE-0909-4E6E-9CBE-4E6A182E3FCA}.Release|Any CPU.Build.0 = Release|Any CPU
		{96A23BD0-F040-41EA-AB66-E2DCFBE284A1}.Debug|Any CPU.ActiveCfg = Debug|Any CPU
		{96A23BD0-F040-41EA-AB66-E2DCFBE284A1}.Debug|Any CPU.Build.0 = Debug|Any CPU
		{96A23BD0-F040-41EA-AB66-E2DCFBE284A1}.Release|Any CPU.ActiveCfg = Release|Any CPU
		{96A23BD0-F040-41EA-AB66-E2DCFBE284A1}.Release|Any CPU.Build.0 = Release|Any CPU
		{25401A0D-0510-4E2C-BFEB-2C6520DF65C5}.Debug|Any CPU.ActiveCfg = Debug|Any CPU
		{25401A0D-0510-4E2C-BFEB-2C6520DF65C5}.Debug|Any CPU.Build.0 = Debug|Any CPU
		{25401A0D-0510-4E2C-BFEB-2C6520DF65C5}.Release|Any CPU.ActiveCfg = Release|Any CPU
		{25401A0D-0510-4E2C-BFEB-2C6520DF65C5}.Release|Any CPU.Build.0 = Release|Any CPU
	EndGlobalSection
	GlobalSection(SolutionProperties) = preSolution
		HideSolutionNode = FALSE
	EndGlobalSection
	GlobalSection(NestedProjects) = preSolution
		{9A623027-D46C-4D27-B794-030305C8314F} = {6152BF66-9E7E-4247-A1DE-49D483B2965F}
		{09723551-A1BF-40A9-86DC-BDDAB3E2D52E} = {325BA992-FF6F-4C79-B780-DF5B2D61C7F8}
		{D7E4B6C1-DC9A-4850-BA1C-F93BDCE38D96} = {6152BF66-9E7E-4247-A1DE-49D483B2965F}
		{FDF63488-C002-427B-ACEB-5D45DAEC9608} = {325BA992-FF6F-4C79-B780-DF5B2D61C7F8}
		{8CC0193D-16E7-452A-B328-C1487A1A778D} = {6152BF66-9E7E-4247-A1DE-49D483B2965F}
		{39488520-FF2A-4F24-AF93-0BACBFAA5DCB} = {29CFE406-658D-4AF3-B6A6-1B41F6836D1B}
		{723DAE8E-AAE0-4EB5-98F7-5C620ACD88E1} = {AC733873-DB57-4038-A3B5-DDE37912BBF5}
		{92E4723E-17B6-41AC-8EC0-59C13A40B495} = {6152BF66-9E7E-4247-A1DE-49D483B2965F}
		{7A9F4EA7-2366-40D4-A80E-640ED8899DE8} = {6152BF66-9E7E-4247-A1DE-49D483B2965F}
		{C8EB2F39-DE64-4D14-A878-337D3DB188A4} = {325BA992-FF6F-4C79-B780-DF5B2D61C7F8}
		{33D29374-4551-43E5-AD37-E06650237429} = {AC733873-DB57-4038-A3B5-DDE37912BBF5}
		{B707C230-9C36-4725-9B29-42500C1F5E06} = {AC733873-DB57-4038-A3B5-DDE37912BBF5}
		{91CB1987-9013-4C9D-9731-23C9D32C5643} = {29CFE406-658D-4AF3-B6A6-1B41F6836D1B}
		{325BA992-FF6F-4C79-B780-DF5B2D61C7F8} = {7409D140-50D4-4DAE-BDBC-657A6C6A4624}
		{AC733873-DB57-4038-A3B5-DDE37912BBF5} = {7409D140-50D4-4DAE-BDBC-657A6C6A4624}
		{6152BF66-9E7E-4247-A1DE-49D483B2965F} = {7409D140-50D4-4DAE-BDBC-657A6C6A4624}
		{CBD9DDFF-EAE0-4729-922F-1FEC1D9EABD1} = {DC83ABF9-E8AB-4495-8596-557657A372C1}
		{07102E00-6E90-44DB-8B90-9E078667B350} = {DC83ABF9-E8AB-4495-8596-557657A372C1}
		{CBDC173E-8039-413E-981A-31D463AC77CB} = {DC83ABF9-E8AB-4495-8596-557657A372C1}
		{B9687EBA-6767-47F5-9CAD-3448F995EB87} = {528F9F3C-6EED-48D2-B14B-52091AF7FA69}
		{88EF000E-1858-4613-8ED5-AFD14F3BD10E} = {DC83ABF9-E8AB-4495-8596-557657A372C1}
		{0CCF02B0-24C5-495F-B421-F0D5675FE437} = {DC83ABF9-E8AB-4495-8596-557657A372C1}
		{6E75A1BA-889F-4557-B011-77160CA21B11} = {12274B29-5390-4BD1-A3A2-9EFA35D6C82C}
		{66572BFE-0909-4E6E-9CBE-4E6A182E3FCA} = {12274B29-5390-4BD1-A3A2-9EFA35D6C82C}
		{96A23BD0-F040-41EA-AB66-E2DCFBE284A1} = {12274B29-5390-4BD1-A3A2-9EFA35D6C82C}
		{25401A0D-0510-4E2C-BFEB-2C6520DF65C5} = {12274B29-5390-4BD1-A3A2-9EFA35D6C82C}
	EndGlobalSection
	GlobalSection(ExtensibilityGlobals) = postSolution
		SolutionGuid = {409FF7E6-F857-4AB5-A12A-731997AB4B56}
	EndGlobalSection
EndGlobal
