
Microsoft Visual Studio Solution File, Format Version 12.00
# Visual Studio Version 17
VisualStudioVersion = 17.5.002.0
MinimumVisualStudioVersion = 10.0.40219.1
Project("{9A19103F-16F7-4668-BE54-9A1E7A4F7556}") = "Aiursoft.Stargate", "Aiursoft.Stargate.csproj", "{6113F81D-249F-4DA4-B218-B41876784DED}"
EndProject
Global
	GlobalSection(SolutionConfigurationPlatforms) = preSolution
		Debug|Any CPU = Debug|Any CPU
		Release|Any CPU = Release|Any CPU
	EndGlobalSection
	GlobalSection(ProjectConfigurationPlatforms) = postSolution
		{6113F81D-249F-4DA4-B218-B41876784DED}.Debug|Any CPU.ActiveCfg = Debug|Any CPU
		{6113F81D-249F-4DA4-B218-B41876784DED}.Debug|Any CPU.Build.0 = Debug|Any CPU
		{6113F81D-249F-4DA4-B218-B41876784DED}.Release|Any CPU.ActiveCfg = Release|Any CPU
		{6113F81D-249F-4DA4-B218-B41876784DED}.Release|Any CPU.Build.0 = Release|Any CPU
	EndGlobalSection
	GlobalSection(SolutionProperties) = preSolution
		HideSolutionNode = FALSE
	EndGlobalSection
	GlobalSection(ExtensibilityGlobals) = postSolution
		SolutionGuid = {93654DFE-7F1B-415E-814B-C062C75DF182}
	EndGlobalSection
EndGlobal
